
Microsoft Visual Studio Solution File, Format Version 12.00
# Visual Studio Version 16
VisualStudioVersion = 16.0.30128.74
MinimumVisualStudioVersion = 10.0.40219.1
Project("{F184B08F-C81C-45F6-A57F-5ABD9991F28F}") = "API_Binance", "API_Binance\API_Binance.vbproj", "{BD182F5E-8A40-4365-98F7-FB5D92C319C0}"
EndProject
Project("{FAE04EC0-301F-11D3-BF4B-00C04F79EFBC}") = "PruebaBinance", "PruebaBinance\PruebaBinance.csproj", "{E4343B54-0B5D-476B-824C-31F5A7F18881}"
EndProject
Global
	GlobalSection(SolutionConfigurationPlatforms) = preSolution
		Debug|Any CPU = Debug|Any CPU
		Release|Any CPU = Release|Any CPU
	EndGlobalSection
	GlobalSection(ProjectConfigurationPlatforms) = postSolution
		{BD182F5E-8A40-4365-98F7-FB5D92C319C0}.Debug|Any CPU.ActiveCfg = Debug|Any CPU
		{BD182F5E-8A40-4365-98F7-FB5D92C319C0}.Debug|Any CPU.Build.0 = Debug|Any CPU
		{BD182F5E-8A40-4365-98F7-FB5D92C319C0}.Release|Any CPU.ActiveCfg = Release|Any CPU
		{BD182F5E-8A40-4365-98F7-FB5D92C319C0}.Release|Any CPU.Build.0 = Release|Any CPU
		{E4343B54-0B5D-476B-824C-31F5A7F18881}.Debug|Any CPU.ActiveCfg = Debug|Any CPU
		{E4343B54-0B5D-476B-824C-31F5A7F18881}.Debug|Any CPU.Build.0 = Debug|Any CPU
		{E4343B54-0B5D-476B-824C-31F5A7F18881}.Release|Any CPU.ActiveCfg = Release|Any CPU
		{E4343B54-0B5D-476B-824C-31F5A7F18881}.Release|Any CPU.Build.0 = Release|Any CPU
	EndGlobalSection
	GlobalSection(SolutionProperties) = preSolution
		HideSolutionNode = FALSE
	EndGlobalSection
	GlobalSection(ExtensibilityGlobals) = postSolution
		SolutionGuid = {019CE49B-D907-4693-BC79-699DDF5B0BB6}
	EndGlobalSection
EndGlobal
